
Microsoft Visual Studio Solution File, Format Version 12.00
# Visual Studio Version 17
VisualStudioVersion = 17.0.31903.59
MinimumVisualStudioVersion = 10.0.40219.1
Project("{FAE04EC0-301F-11D3-BF4B-00C04F79EFBC}") = "Substrate.Astar.NET.RestService", "Substrate.Astar.NET.RestService\Substrate.Astar.NET.RestService.csproj", "{40B92F49-F3D9-47D6-ABB3-964814CD54B9}"
EndProject
Project("{FAE04EC0-301F-11D3-BF4B-00C04F79EFBC}") = "Substrate.Astar.NET.NetApiExt", "Substrate.Astar.NET.NetApiExt\Substrate.Astar.NET.NetApiExt.csproj", "{C06A2280-51D5-448B-83AC-A22E4367796A}"
EndProject
Project("{FAE04EC0-301F-11D3-BF4B-00C04F79EFBC}") = "Substrate.Astar.NET.RestClient", "Substrate.Astar.NET.RestClient\Substrate.Astar.NET.RestClient.csproj", "{35CD4145-940E-4DF7-9865-D178A3420F7E}"
EndProject
Project("{FAE04EC0-301F-11D3-BF4B-00C04F79EFBC}") = "Substrate.Astar.NET.RestClient.Mockup", "Substrate.Astar.NET.RestClient.Mockup\Substrate.Astar.NET.RestClient.Mockup.csproj", "{ECD08552-ED89-4650-A0F2-DEAC91F09C6F}"
EndProject
Project("{FAE04EC0-301F-11D3-BF4B-00C04F79EFBC}") = "Substrate.Astar.NET.RestClient.Test", "Substrate.Astar.NET.RestClient.Test\Substrate.Astar.NET.RestClient.Test.csproj", "{150D6F66-8765-4FA4-A59C-9C707350BE5E}"
EndProject
Global
	GlobalSection(SolutionConfigurationPlatforms) = preSolution
		Debug|Any CPU = Debug|Any CPU
		Release|Any CPU = Release|Any CPU
	EndGlobalSection
	GlobalSection(SolutionProperties) = preSolution
		HideSolutionNode = FALSE
	EndGlobalSection
	GlobalSection(ProjectConfigurationPlatforms) = postSolution
		{40B92F49-F3D9-47D6-ABB3-964814CD54B9}.Debug|Any CPU.ActiveCfg = Debug|Any CPU
		{40B92F49-F3D9-47D6-ABB3-964814CD54B9}.Debug|Any CPU.Build.0 = Debug|Any CPU
		{40B92F49-F3D9-47D6-ABB3-964814CD54B9}.Release|Any CPU.ActiveCfg = Release|Any CPU
		{40B92F49-F3D9-47D6-ABB3-964814CD54B9}.Release|Any CPU.Build.0 = Release|Any CPU
		{C06A2280-51D5-448B-83AC-A22E4367796A}.Debug|Any CPU.ActiveCfg = Debug|Any CPU
		{C06A2280-51D5-448B-83AC-A22E4367796A}.Debug|Any CPU.Build.0 = Debug|Any CPU
		{C06A2280-51D5-448B-83AC-A22E4367796A}.Release|Any CPU.ActiveCfg = Release|Any CPU
		{C06A2280-51D5-448B-83AC-A22E4367796A}.Release|Any CPU.Build.0 = Release|Any CPU
		{35CD4145-940E-4DF7-9865-D178A3420F7E}.Debug|Any CPU.ActiveCfg = Debug|Any CPU
		{35CD4145-940E-4DF7-9865-D178A3420F7E}.Debug|Any CPU.Build.0 = Debug|Any CPU
		{35CD4145-940E-4DF7-9865-D178A3420F7E}.Release|Any CPU.ActiveCfg = Release|Any CPU
		{35CD4145-940E-4DF7-9865-D178A3420F7E}.Release|Any CPU.Build.0 = Release|Any CPU
		{ECD08552-ED89-4650-A0F2-DEAC91F09C6F}.Debug|Any CPU.ActiveCfg = Debug|Any CPU
		{ECD08552-ED89-4650-A0F2-DEAC91F09C6F}.Debug|Any CPU.Build.0 = Debug|Any CPU
		{ECD08552-ED89-4650-A0F2-DEAC91F09C6F}.Release|Any CPU.ActiveCfg = Release|Any CPU
		{ECD08552-ED89-4650-A0F2-DEAC91F09C6F}.Release|Any CPU.Build.0 = Release|Any CPU
		{150D6F66-8765-4FA4-A59C-9C707350BE5E}.Debug|Any CPU.ActiveCfg = Debug|Any CPU
		{150D6F66-8765-4FA4-A59C-9C707350BE5E}.Debug|Any CPU.Build.0 = Debug|Any CPU
		{150D6F66-8765-4FA4-A59C-9C707350BE5E}.Release|Any CPU.ActiveCfg = Release|Any CPU
		{150D6F66-8765-4FA4-A59C-9C707350BE5E}.Release|Any CPU.Build.0 = Release|Any CPU
	EndGlobalSection
EndGlobal
