
Microsoft Visual Studio Solution File, Format Version 12.00
# Visual Studio Version 17
VisualStudioVersion = 17.0.31903.59
MinimumVisualStudioVersion = 10.0.40219.1
Project("{FAE04EC0-301F-11D3-BF4B-00C04F79EFBC}") = "Substrate.Bajun.NET.RestService", "Substrate.Bajun.NET.RestService\Substrate.Bajun.NET.RestService.csproj", "{999916E8-8E49-4191-949D-0BE44E931C80}"
EndProject
Project("{FAE04EC0-301F-11D3-BF4B-00C04F79EFBC}") = "Substrate.Bajun.NET.NetApiExt", "Substrate.Bajun.NET.NetApiExt\Substrate.Bajun.NET.NetApiExt.csproj", "{643CE957-9E79-41A9-843B-A64E6F401008}"
EndProject
Project("{FAE04EC0-301F-11D3-BF4B-00C04F79EFBC}") = "Substrate.Bajun.NET.Integration", "Substrate.Bajun.NET.Integration\Substrate.Bajun.NET.Integration.csproj", "{C20437F8-F6F3-46FA-8EB0-1572C819FA89}"
EndProject
Project("{FAE04EC0-301F-11D3-BF4B-00C04F79EFBC}") = "Substrate.Bajun.NET.RestClient", "Substrate.Bajun.NET.RestClient\Substrate.Bajun.NET.RestClient.csproj", "{A5D1351B-A553-4911-8573-F6105CFA6398}"
EndProject
Project("{FAE04EC0-301F-11D3-BF4B-00C04F79EFBC}") = "Substrate.Bajun.NET.RestClient.Mockup", "Substrate.Bajun.NET.RestClient.Mockup\Substrate.Bajun.NET.RestClient.Mockup.csproj", "{8DBCD76E-CED5-41B3-8A8A-2B1A4A1E7F74}"
EndProject
Project("{FAE04EC0-301F-11D3-BF4B-00C04F79EFBC}") = "Substrate.Bajun.NET.RestClient.Test", "Substrate.Bajun.NET.RestClient.Test\Substrate.Bajun.NET.RestClient.Test.csproj", "{9CE69C77-2F2E-44AD-B197-F5191855D0DB}"
EndProject
Global
	GlobalSection(SolutionConfigurationPlatforms) = preSolution
		Debug|Any CPU = Debug|Any CPU
		Release|Any CPU = Release|Any CPU
	EndGlobalSection
	GlobalSection(SolutionProperties) = preSolution
		HideSolutionNode = FALSE
	EndGlobalSection
	GlobalSection(ProjectConfigurationPlatforms) = postSolution
		{999916E8-8E49-4191-949D-0BE44E931C80}.Debug|Any CPU.ActiveCfg = Debug|Any CPU
		{999916E8-8E49-4191-949D-0BE44E931C80}.Debug|Any CPU.Build.0 = Debug|Any CPU
		{999916E8-8E49-4191-949D-0BE44E931C80}.Release|Any CPU.ActiveCfg = Release|Any CPU
		{999916E8-8E49-4191-949D-0BE44E931C80}.Release|Any CPU.Build.0 = Release|Any CPU
		{643CE957-9E79-41A9-843B-A64E6F401008}.Debug|Any CPU.ActiveCfg = Debug|Any CPU
		{643CE957-9E79-41A9-843B-A64E6F401008}.Debug|Any CPU.Build.0 = Debug|Any CPU
		{643CE957-9E79-41A9-843B-A64E6F401008}.Release|Any CPU.ActiveCfg = Release|Any CPU
		{643CE957-9E79-41A9-843B-A64E6F401008}.Release|Any CPU.Build.0 = Release|Any CPU
		{C20437F8-F6F3-46FA-8EB0-1572C819FA89}.Debug|Any CPU.ActiveCfg = Debug|Any CPU
		{C20437F8-F6F3-46FA-8EB0-1572C819FA89}.Debug|Any CPU.Build.0 = Debug|Any CPU
		{C20437F8-F6F3-46FA-8EB0-1572C819FA89}.Release|Any CPU.ActiveCfg = Release|Any CPU
		{C20437F8-F6F3-46FA-8EB0-1572C819FA89}.Release|Any CPU.Build.0 = Release|Any CPU
		{A5D1351B-A553-4911-8573-F6105CFA6398}.Debug|Any CPU.ActiveCfg = Debug|Any CPU
		{A5D1351B-A553-4911-8573-F6105CFA6398}.Debug|Any CPU.Build.0 = Debug|Any CPU
		{A5D1351B-A553-4911-8573-F6105CFA6398}.Release|Any CPU.ActiveCfg = Release|Any CPU
		{A5D1351B-A553-4911-8573-F6105CFA6398}.Release|Any CPU.Build.0 = Release|Any CPU
		{8DBCD76E-CED5-41B3-8A8A-2B1A4A1E7F74}.Debug|Any CPU.ActiveCfg = Debug|Any CPU
		{8DBCD76E-CED5-41B3-8A8A-2B1A4A1E7F74}.Debug|Any CPU.Build.0 = Debug|Any CPU
		{8DBCD76E-CED5-41B3-8A8A-2B1A4A1E7F74}.Release|Any CPU.ActiveCfg = Release|Any CPU
		{8DBCD76E-CED5-41B3-8A8A-2B1A4A1E7F74}.Release|Any CPU.Build.0 = Release|Any CPU
		{9CE69C77-2F2E-44AD-B197-F5191855D0DB}.Debug|Any CPU.ActiveCfg = Debug|Any CPU
		{9CE69C77-2F2E-44AD-B197-F5191855D0DB}.Debug|Any CPU.Build.0 = Debug|Any CPU
		{9CE69C77-2F2E-44AD-B197-F5191855D0DB}.Release|Any CPU.ActiveCfg = Release|Any CPU
		{9CE69C77-2F2E-44AD-B197-F5191855D0DB}.Release|Any CPU.Build.0 = Release|Any CPU
	EndGlobalSection
EndGlobal
