
Microsoft Visual Studio Solution File, Format Version 12.00
# Visual Studio Version 17
VisualStudioVersion = 17.0.31903.59
MinimumVisualStudioVersion = 10.0.40219.1
Project("{FAE04EC0-301F-11D3-BF4B-00C04F79EFBC}") = "Substrate.KusamaBridgeHub.NET.RestService", "Substrate.KusamaBridgeHub.NET.RestService\Substrate.KusamaBridgeHub.NET.RestService.csproj", "{A99F3BEA-D888-4AA3-8E29-784CE0138519}"
EndProject
Project("{FAE04EC0-301F-11D3-BF4B-00C04F79EFBC}") = "Substrate.KusamaBridgeHub.NET.NetApiExt", "Substrate.KusamaBridgeHub.NET.NetApiExt\Substrate.KusamaBridgeHub.NET.NetApiExt.csproj", "{5DA347E6-1061-43D8-808D-89D5049B8B0E}"
EndProject
Project("{FAE04EC0-301F-11D3-BF4B-00C04F79EFBC}") = "Substrate.KusamaBridgeHub.NET.RestClient", "Substrate.KusamaBridgeHub.NET.RestClient\Substrate.KusamaBridgeHub.NET.RestClient.csproj", "{5EF1582F-E26E-49B8-8300-379A7D6CCD5A}"
EndProject
Project("{FAE04EC0-301F-11D3-BF4B-00C04F79EFBC}") = "Substrate.KusamaBridgeHub.NET.RestClient.Mockup", "Substrate.KusamaBridgeHub.NET.RestClient.Mockup\Substrate.KusamaBridgeHub.NET.RestClient.Mockup.csproj", "{8631611A-E733-4D8C-A6E0-5DC229D81B18}"
EndProject
Project("{FAE04EC0-301F-11D3-BF4B-00C04F79EFBC}") = "Substrate.KusamaBridgeHub.NET.RestClient.Test", "Substrate.KusamaBridgeHub.NET.RestClient.Test\Substrate.KusamaBridgeHub.NET.RestClient.Test.csproj", "{6147C9C6-2242-4852-B785-B493360C8FE0}"
EndProject
Global
	GlobalSection(SolutionConfigurationPlatforms) = preSolution
		Debug|Any CPU = Debug|Any CPU
		Release|Any CPU = Release|Any CPU
	EndGlobalSection
	GlobalSection(SolutionProperties) = preSolution
		HideSolutionNode = FALSE
	EndGlobalSection
	GlobalSection(ProjectConfigurationPlatforms) = postSolution
		{A99F3BEA-D888-4AA3-8E29-784CE0138519}.Debug|Any CPU.ActiveCfg = Debug|Any CPU
		{A99F3BEA-D888-4AA3-8E29-784CE0138519}.Debug|Any CPU.Build.0 = Debug|Any CPU
		{A99F3BEA-D888-4AA3-8E29-784CE0138519}.Release|Any CPU.ActiveCfg = Release|Any CPU
		{A99F3BEA-D888-4AA3-8E29-784CE0138519}.Release|Any CPU.Build.0 = Release|Any CPU
		{5DA347E6-1061-43D8-808D-89D5049B8B0E}.Debug|Any CPU.ActiveCfg = Debug|Any CPU
		{5DA347E6-1061-43D8-808D-89D5049B8B0E}.Debug|Any CPU.Build.0 = Debug|Any CPU
		{5DA347E6-1061-43D8-808D-89D5049B8B0E}.Release|Any CPU.ActiveCfg = Release|Any CPU
		{5DA347E6-1061-43D8-808D-89D5049B8B0E}.Release|Any CPU.Build.0 = Release|Any CPU
		{5EF1582F-E26E-49B8-8300-379A7D6CCD5A}.Debug|Any CPU.ActiveCfg = Debug|Any CPU
		{5EF1582F-E26E-49B8-8300-379A7D6CCD5A}.Debug|Any CPU.Build.0 = Debug|Any CPU
		{5EF1582F-E26E-49B8-8300-379A7D6CCD5A}.Release|Any CPU.ActiveCfg = Release|Any CPU
		{5EF1582F-E26E-49B8-8300-379A7D6CCD5A}.Release|Any CPU.Build.0 = Release|Any CPU
		{8631611A-E733-4D8C-A6E0-5DC229D81B18}.Debug|Any CPU.ActiveCfg = Debug|Any CPU
		{8631611A-E733-4D8C-A6E0-5DC229D81B18}.Debug|Any CPU.Build.0 = Debug|Any CPU
		{8631611A-E733-4D8C-A6E0-5DC229D81B18}.Release|Any CPU.ActiveCfg = Release|Any CPU
		{8631611A-E733-4D8C-A6E0-5DC229D81B18}.Release|Any CPU.Build.0 = Release|Any CPU
		{6147C9C6-2242-4852-B785-B493360C8FE0}.Debug|Any CPU.ActiveCfg = Debug|Any CPU
		{6147C9C6-2242-4852-B785-B493360C8FE0}.Debug|Any CPU.Build.0 = Debug|Any CPU
		{6147C9C6-2242-4852-B785-B493360C8FE0}.Release|Any CPU.ActiveCfg = Release|Any CPU
		{6147C9C6-2242-4852-B785-B493360C8FE0}.Release|Any CPU.Build.0 = Release|Any CPU
	EndGlobalSection
EndGlobal
