
Microsoft Visual Studio Solution File, Format Version 12.00
# Visual Studio Version 17
VisualStudioVersion = 17.0.31903.59
MinimumVisualStudioVersion = 10.0.40219.1
Project("{FAE04EC0-301F-11D3-BF4B-00C04F79EFBC}") = "Substrate.Statemine.NET.RestService", "Substrate.Statemine.NET.RestService\Substrate.Statemine.NET.RestService.csproj", "{7F60DE39-8D78-4465-A91B-A0BE63B0D560}"
EndProject
Project("{FAE04EC0-301F-11D3-BF4B-00C04F79EFBC}") = "Substrate.Statemine.NET.NetApiExt", "Substrate.Statemine.NET.NetApiExt\Substrate.Statemine.NET.NetApiExt.csproj", "{896A7976-6FEA-498C-B58D-733CBCFA3D00}"
EndProject
Project("{FAE04EC0-301F-11D3-BF4B-00C04F79EFBC}") = "Substrate.Statemine.NET.RestClient", "Substrate.Statemine.NET.RestClient\Substrate.Statemine.NET.RestClient.csproj", "{250792E9-40A0-4F82-B741-6DA4352B62E3}"
EndProject
Project("{FAE04EC0-301F-11D3-BF4B-00C04F79EFBC}") = "Substrate.Statemine.NET.RestClient.Mockup", "Substrate.Statemine.NET.RestClient.Mockup\Substrate.Statemine.NET.RestClient.Mockup.csproj", "{33A43A91-30B4-48E8-8569-89DFECA767B2}"
EndProject
Project("{FAE04EC0-301F-11D3-BF4B-00C04F79EFBC}") = "Substrate.Statemine.NET.RestClient.Test", "Substrate.Statemine.NET.RestClient.Test\Substrate.Statemine.NET.RestClient.Test.csproj", "{87F7F79B-1BD9-4CA7-A0E0-BCE36F094CF3}"
EndProject
Global
	GlobalSection(SolutionConfigurationPlatforms) = preSolution
		Debug|Any CPU = Debug|Any CPU
		Release|Any CPU = Release|Any CPU
	EndGlobalSection
	GlobalSection(SolutionProperties) = preSolution
		HideSolutionNode = FALSE
	EndGlobalSection
	GlobalSection(ProjectConfigurationPlatforms) = postSolution
		{7F60DE39-8D78-4465-A91B-A0BE63B0D560}.Debug|Any CPU.ActiveCfg = Debug|Any CPU
		{7F60DE39-8D78-4465-A91B-A0BE63B0D560}.Debug|Any CPU.Build.0 = Debug|Any CPU
		{7F60DE39-8D78-4465-A91B-A0BE63B0D560}.Release|Any CPU.ActiveCfg = Release|Any CPU
		{7F60DE39-8D78-4465-A91B-A0BE63B0D560}.Release|Any CPU.Build.0 = Release|Any CPU
		{896A7976-6FEA-498C-B58D-733CBCFA3D00}.Debug|Any CPU.ActiveCfg = Debug|Any CPU
		{896A7976-6FEA-498C-B58D-733CBCFA3D00}.Debug|Any CPU.Build.0 = Debug|Any CPU
		{896A7976-6FEA-498C-B58D-733CBCFA3D00}.Release|Any CPU.ActiveCfg = Release|Any CPU
		{896A7976-6FEA-498C-B58D-733CBCFA3D00}.Release|Any CPU.Build.0 = Release|Any CPU
		{250792E9-40A0-4F82-B741-6DA4352B62E3}.Debug|Any CPU.ActiveCfg = Debug|Any CPU
		{250792E9-40A0-4F82-B741-6DA4352B62E3}.Debug|Any CPU.Build.0 = Debug|Any CPU
		{250792E9-40A0-4F82-B741-6DA4352B62E3}.Release|Any CPU.ActiveCfg = Release|Any CPU
		{250792E9-40A0-4F82-B741-6DA4352B62E3}.Release|Any CPU.Build.0 = Release|Any CPU
		{33A43A91-30B4-48E8-8569-89DFECA767B2}.Debug|Any CPU.ActiveCfg = Debug|Any CPU
		{33A43A91-30B4-48E8-8569-89DFECA767B2}.Debug|Any CPU.Build.0 = Debug|Any CPU
		{33A43A91-30B4-48E8-8569-89DFECA767B2}.Release|Any CPU.ActiveCfg = Release|Any CPU
		{33A43A91-30B4-48E8-8569-89DFECA767B2}.Release|Any CPU.Build.0 = Release|Any CPU
		{87F7F79B-1BD9-4CA7-A0E0-BCE36F094CF3}.Debug|Any CPU.ActiveCfg = Debug|Any CPU
		{87F7F79B-1BD9-4CA7-A0E0-BCE36F094CF3}.Debug|Any CPU.Build.0 = Debug|Any CPU
		{87F7F79B-1BD9-4CA7-A0E0-BCE36F094CF3}.Release|Any CPU.ActiveCfg = Release|Any CPU
		{87F7F79B-1BD9-4CA7-A0E0-BCE36F094CF3}.Release|Any CPU.Build.0 = Release|Any CPU
	EndGlobalSection
EndGlobal
