
Microsoft Visual Studio Solution File, Format Version 12.00
# Visual Studio Version 17
VisualStudioVersion = 17.0.31903.59
MinimumVisualStudioVersion = 10.0.40219.1
Project("{FAE04EC0-301F-11D3-BF4B-00C04F79EFBC}") = "Substrate.Statemine.NET.RestService", "Substrate.Statemine.NET.RestService\Substrate.Statemine.NET.RestService.csproj", "{E54D6D78-7635-4F47-802F-9457D22ED3C4}"
EndProject
Project("{FAE04EC0-301F-11D3-BF4B-00C04F79EFBC}") = "Substrate.Statemine.NET.NetApiExt", "Substrate.Statemine.NET.NetApiExt\Substrate.Statemine.NET.NetApiExt.csproj", "{BD6B279F-F8C8-45A5-BD21-B36DCCDC97F0}"
EndProject
Project("{FAE04EC0-301F-11D3-BF4B-00C04F79EFBC}") = "Substrate.Statemine.NET.RestClient", "Substrate.Statemine.NET.RestClient\Substrate.Statemine.NET.RestClient.csproj", "{CB41E164-76D4-4742-B065-139B032E436D}"
EndProject
Project("{FAE04EC0-301F-11D3-BF4B-00C04F79EFBC}") = "Substrate.Statemine.NET.RestClient.Mockup", "Substrate.Statemine.NET.RestClient.Mockup\Substrate.Statemine.NET.RestClient.Mockup.csproj", "{57D5BA40-CEEF-4DF7-AEB6-B730EE704982}"
EndProject
Project("{FAE04EC0-301F-11D3-BF4B-00C04F79EFBC}") = "Substrate.Statemine.NET.RestClient.Test", "Substrate.Statemine.NET.RestClient.Test\Substrate.Statemine.NET.RestClient.Test.csproj", "{665B04E3-6D6A-4F32-9279-22B8F994F04E}"
EndProject
Global
	GlobalSection(SolutionConfigurationPlatforms) = preSolution
		Debug|Any CPU = Debug|Any CPU
		Release|Any CPU = Release|Any CPU
	EndGlobalSection
	GlobalSection(SolutionProperties) = preSolution
		HideSolutionNode = FALSE
	EndGlobalSection
	GlobalSection(ProjectConfigurationPlatforms) = postSolution
		{E54D6D78-7635-4F47-802F-9457D22ED3C4}.Debug|Any CPU.ActiveCfg = Debug|Any CPU
		{E54D6D78-7635-4F47-802F-9457D22ED3C4}.Debug|Any CPU.Build.0 = Debug|Any CPU
		{E54D6D78-7635-4F47-802F-9457D22ED3C4}.Release|Any CPU.ActiveCfg = Release|Any CPU
		{E54D6D78-7635-4F47-802F-9457D22ED3C4}.Release|Any CPU.Build.0 = Release|Any CPU
		{BD6B279F-F8C8-45A5-BD21-B36DCCDC97F0}.Debug|Any CPU.ActiveCfg = Debug|Any CPU
		{BD6B279F-F8C8-45A5-BD21-B36DCCDC97F0}.Debug|Any CPU.Build.0 = Debug|Any CPU
		{BD6B279F-F8C8-45A5-BD21-B36DCCDC97F0}.Release|Any CPU.ActiveCfg = Release|Any CPU
		{BD6B279F-F8C8-45A5-BD21-B36DCCDC97F0}.Release|Any CPU.Build.0 = Release|Any CPU
		{CB41E164-76D4-4742-B065-139B032E436D}.Debug|Any CPU.ActiveCfg = Debug|Any CPU
		{CB41E164-76D4-4742-B065-139B032E436D}.Debug|Any CPU.Build.0 = Debug|Any CPU
		{CB41E164-76D4-4742-B065-139B032E436D}.Release|Any CPU.ActiveCfg = Release|Any CPU
		{CB41E164-76D4-4742-B065-139B032E436D}.Release|Any CPU.Build.0 = Release|Any CPU
		{57D5BA40-CEEF-4DF7-AEB6-B730EE704982}.Debug|Any CPU.ActiveCfg = Debug|Any CPU
		{57D5BA40-CEEF-4DF7-AEB6-B730EE704982}.Debug|Any CPU.Build.0 = Debug|Any CPU
		{57D5BA40-CEEF-4DF7-AEB6-B730EE704982}.Release|Any CPU.ActiveCfg = Release|Any CPU
		{57D5BA40-CEEF-4DF7-AEB6-B730EE704982}.Release|Any CPU.Build.0 = Release|Any CPU
		{665B04E3-6D6A-4F32-9279-22B8F994F04E}.Debug|Any CPU.ActiveCfg = Debug|Any CPU
		{665B04E3-6D6A-4F32-9279-22B8F994F04E}.Debug|Any CPU.Build.0 = Debug|Any CPU
		{665B04E3-6D6A-4F32-9279-22B8F994F04E}.Release|Any CPU.ActiveCfg = Release|Any CPU
		{665B04E3-6D6A-4F32-9279-22B8F994F04E}.Release|Any CPU.Build.0 = Release|Any CPU
	EndGlobalSection
EndGlobal
