
Microsoft Visual Studio Solution File, Format Version 12.00
# Visual Studio Version 17
VisualStudioVersion = 17.0.31903.59
MinimumVisualStudioVersion = 10.0.40219.1
Project("{FAE04EC0-301F-11D3-BF4B-00C04F79EFBC}") = "Substrate.Coretime.NET.RestService", "Substrate.Coretime.NET.RestService\Substrate.Coretime.NET.RestService.csproj", "{DCDEC577-668A-4625-8194-D2F4B999B152}"
EndProject
Project("{FAE04EC0-301F-11D3-BF4B-00C04F79EFBC}") = "Substrate.Coretime.NET.NetApiExt", "Substrate.Coretime.NET.NetApiExt\Substrate.Coretime.NET.NetApiExt.csproj", "{202BE65A-0967-40F1-8118-C1497A839E27}"
EndProject
Project("{FAE04EC0-301F-11D3-BF4B-00C04F79EFBC}") = "Substrate.Coretime.NET.Integration", "Substrate.Coretime.NET.Integration\Substrate.Coretime.NET.Integration.csproj", "{1C1ED825-7F28-4C4A-A05E-83F8209C2F75}"
EndProject
Project("{FAE04EC0-301F-11D3-BF4B-00C04F79EFBC}") = "Substrate.Coretime.NET.RestClient", "Substrate.Coretime.NET.RestClient\Substrate.Coretime.NET.RestClient.csproj", "{25DE2C3B-0884-4AAE-82FE-488CC03027BB}"
EndProject
Project("{FAE04EC0-301F-11D3-BF4B-00C04F79EFBC}") = "Substrate.Coretime.NET.RestClient.Mockup", "Substrate.Coretime.NET.RestClient.Mockup\Substrate.Coretime.NET.RestClient.Mockup.csproj", "{DE17C1FE-8FA1-43EE-BA62-5D221B835BBE}"
EndProject
Project("{FAE04EC0-301F-11D3-BF4B-00C04F79EFBC}") = "Substrate.Coretime.NET.RestClient.Test", "Substrate.Coretime.NET.RestClient.Test\Substrate.Coretime.NET.RestClient.Test.csproj", "{D2DAC610-ED92-48F4-8A25-D9E6E695C5DB}"
EndProject
Global
	GlobalSection(SolutionConfigurationPlatforms) = preSolution
		Debug|Any CPU = Debug|Any CPU
		Release|Any CPU = Release|Any CPU
	EndGlobalSection
	GlobalSection(SolutionProperties) = preSolution
		HideSolutionNode = FALSE
	EndGlobalSection
	GlobalSection(ProjectConfigurationPlatforms) = postSolution
		{DCDEC577-668A-4625-8194-D2F4B999B152}.Debug|Any CPU.ActiveCfg = Debug|Any CPU
		{DCDEC577-668A-4625-8194-D2F4B999B152}.Debug|Any CPU.Build.0 = Debug|Any CPU
		{DCDEC577-668A-4625-8194-D2F4B999B152}.Release|Any CPU.ActiveCfg = Release|Any CPU
		{DCDEC577-668A-4625-8194-D2F4B999B152}.Release|Any CPU.Build.0 = Release|Any CPU
		{202BE65A-0967-40F1-8118-C1497A839E27}.Debug|Any CPU.ActiveCfg = Debug|Any CPU
		{202BE65A-0967-40F1-8118-C1497A839E27}.Debug|Any CPU.Build.0 = Debug|Any CPU
		{202BE65A-0967-40F1-8118-C1497A839E27}.Release|Any CPU.ActiveCfg = Release|Any CPU
		{202BE65A-0967-40F1-8118-C1497A839E27}.Release|Any CPU.Build.0 = Release|Any CPU
		{1C1ED825-7F28-4C4A-A05E-83F8209C2F75}.Debug|Any CPU.ActiveCfg = Debug|Any CPU
		{1C1ED825-7F28-4C4A-A05E-83F8209C2F75}.Debug|Any CPU.Build.0 = Debug|Any CPU
		{1C1ED825-7F28-4C4A-A05E-83F8209C2F75}.Release|Any CPU.ActiveCfg = Release|Any CPU
		{1C1ED825-7F28-4C4A-A05E-83F8209C2F75}.Release|Any CPU.Build.0 = Release|Any CPU
		{25DE2C3B-0884-4AAE-82FE-488CC03027BB}.Debug|Any CPU.ActiveCfg = Debug|Any CPU
		{25DE2C3B-0884-4AAE-82FE-488CC03027BB}.Debug|Any CPU.Build.0 = Debug|Any CPU
		{25DE2C3B-0884-4AAE-82FE-488CC03027BB}.Release|Any CPU.ActiveCfg = Release|Any CPU
		{25DE2C3B-0884-4AAE-82FE-488CC03027BB}.Release|Any CPU.Build.0 = Release|Any CPU
		{DE17C1FE-8FA1-43EE-BA62-5D221B835BBE}.Debug|Any CPU.ActiveCfg = Debug|Any CPU
		{DE17C1FE-8FA1-43EE-BA62-5D221B835BBE}.Debug|Any CPU.Build.0 = Debug|Any CPU
		{DE17C1FE-8FA1-43EE-BA62-5D221B835BBE}.Release|Any CPU.ActiveCfg = Release|Any CPU
		{DE17C1FE-8FA1-43EE-BA62-5D221B835BBE}.Release|Any CPU.Build.0 = Release|Any CPU
		{D2DAC610-ED92-48F4-8A25-D9E6E695C5DB}.Debug|Any CPU.ActiveCfg = Debug|Any CPU
		{D2DAC610-ED92-48F4-8A25-D9E6E695C5DB}.Debug|Any CPU.Build.0 = Debug|Any CPU
		{D2DAC610-ED92-48F4-8A25-D9E6E695C5DB}.Release|Any CPU.ActiveCfg = Release|Any CPU
		{D2DAC610-ED92-48F4-8A25-D9E6E695C5DB}.Release|Any CPU.Build.0 = Release|Any CPU
	EndGlobalSection
EndGlobal
