
Microsoft Visual Studio Solution File, Format Version 12.00
# Visual Studio Version 17
VisualStudioVersion = 17.0.31903.59
MinimumVisualStudioVersion = 10.0.40219.1
Project("{FAE04EC0-301F-11D3-BF4B-00C04F79EFBC}") = "Substrate.PolkadotBridgeHub.NET.RestService", "Substrate.PolkadotBridgeHub.NET.RestService\Substrate.PolkadotBridgeHub.NET.RestService.csproj", "{F94CB412-262D-4AF5-B99E-8B57EBDEE572}"
EndProject
Project("{FAE04EC0-301F-11D3-BF4B-00C04F79EFBC}") = "Substrate.PolkadotBridgeHub.NET.NetApiExt", "Substrate.PolkadotBridgeHub.NET.NetApiExt\Substrate.PolkadotBridgeHub.NET.NetApiExt.csproj", "{1CEFD557-2B1B-48A9-8CC6-D2E7056F7454}"
EndProject
Project("{FAE04EC0-301F-11D3-BF4B-00C04F79EFBC}") = "Substrate.PolkadotBridgeHub.NET.RestClient", "Substrate.PolkadotBridgeHub.NET.RestClient\Substrate.PolkadotBridgeHub.NET.RestClient.csproj", "{738C484F-3AE1-429E-9F2D-E4EEE9CB2680}"
EndProject
Project("{FAE04EC0-301F-11D3-BF4B-00C04F79EFBC}") = "Substrate.PolkadotBridgeHub.NET.RestClient.Mockup", "Substrate.PolkadotBridgeHub.NET.RestClient.Mockup\Substrate.PolkadotBridgeHub.NET.RestClient.Mockup.csproj", "{897FC398-1927-4F52-B224-F0EC5FEB8470}"
EndProject
Project("{FAE04EC0-301F-11D3-BF4B-00C04F79EFBC}") = "Substrate.PolkadotBridgeHub.NET.RestClient.Test", "Substrate.PolkadotBridgeHub.NET.RestClient.Test\Substrate.PolkadotBridgeHub.NET.RestClient.Test.csproj", "{FF566091-D82D-4047-997B-D1EA05C61098}"
EndProject
Global
	GlobalSection(SolutionConfigurationPlatforms) = preSolution
		Debug|Any CPU = Debug|Any CPU
		Release|Any CPU = Release|Any CPU
	EndGlobalSection
	GlobalSection(SolutionProperties) = preSolution
		HideSolutionNode = FALSE
	EndGlobalSection
	GlobalSection(ProjectConfigurationPlatforms) = postSolution
		{F94CB412-262D-4AF5-B99E-8B57EBDEE572}.Debug|Any CPU.ActiveCfg = Debug|Any CPU
		{F94CB412-262D-4AF5-B99E-8B57EBDEE572}.Debug|Any CPU.Build.0 = Debug|Any CPU
		{F94CB412-262D-4AF5-B99E-8B57EBDEE572}.Release|Any CPU.ActiveCfg = Release|Any CPU
		{F94CB412-262D-4AF5-B99E-8B57EBDEE572}.Release|Any CPU.Build.0 = Release|Any CPU
		{1CEFD557-2B1B-48A9-8CC6-D2E7056F7454}.Debug|Any CPU.ActiveCfg = Debug|Any CPU
		{1CEFD557-2B1B-48A9-8CC6-D2E7056F7454}.Debug|Any CPU.Build.0 = Debug|Any CPU
		{1CEFD557-2B1B-48A9-8CC6-D2E7056F7454}.Release|Any CPU.ActiveCfg = Release|Any CPU
		{1CEFD557-2B1B-48A9-8CC6-D2E7056F7454}.Release|Any CPU.Build.0 = Release|Any CPU
		{738C484F-3AE1-429E-9F2D-E4EEE9CB2680}.Debug|Any CPU.ActiveCfg = Debug|Any CPU
		{738C484F-3AE1-429E-9F2D-E4EEE9CB2680}.Debug|Any CPU.Build.0 = Debug|Any CPU
		{738C484F-3AE1-429E-9F2D-E4EEE9CB2680}.Release|Any CPU.ActiveCfg = Release|Any CPU
		{738C484F-3AE1-429E-9F2D-E4EEE9CB2680}.Release|Any CPU.Build.0 = Release|Any CPU
		{897FC398-1927-4F52-B224-F0EC5FEB8470}.Debug|Any CPU.ActiveCfg = Debug|Any CPU
		{897FC398-1927-4F52-B224-F0EC5FEB8470}.Debug|Any CPU.Build.0 = Debug|Any CPU
		{897FC398-1927-4F52-B224-F0EC5FEB8470}.Release|Any CPU.ActiveCfg = Release|Any CPU
		{897FC398-1927-4F52-B224-F0EC5FEB8470}.Release|Any CPU.Build.0 = Release|Any CPU
		{FF566091-D82D-4047-997B-D1EA05C61098}.Debug|Any CPU.ActiveCfg = Debug|Any CPU
		{FF566091-D82D-4047-997B-D1EA05C61098}.Debug|Any CPU.Build.0 = Debug|Any CPU
		{FF566091-D82D-4047-997B-D1EA05C61098}.Release|Any CPU.ActiveCfg = Release|Any CPU
		{FF566091-D82D-4047-997B-D1EA05C61098}.Release|Any CPU.Build.0 = Release|Any CPU
	EndGlobalSection
EndGlobal
