
Microsoft Visual Studio Solution File, Format Version 12.00
# Visual Studio Version 17
VisualStudioVersion = 17.0.31903.59
MinimumVisualStudioVersion = 10.0.40219.1
Project("{FAE04EC0-301F-11D3-BF4B-00C04F79EFBC}") = "Substrate.Collectives.NET.RestService", "Substrate.Collectives.NET.RestService\Substrate.Collectives.NET.RestService.csproj", "{48ED260D-CA9A-45A3-99F5-87AAE7E97B6F}"
EndProject
Project("{FAE04EC0-301F-11D3-BF4B-00C04F79EFBC}") = "Substrate.Collectives.NET.NetApiExt", "Substrate.Collectives.NET.NetApiExt\Substrate.Collectives.NET.NetApiExt.csproj", "{BB4139E2-0DE2-4CEB-B2C4-22AB111D1E92}"
EndProject
Project("{FAE04EC0-301F-11D3-BF4B-00C04F79EFBC}") = "Substrate.Collectives.NET.Integration", "Substrate.Collectives.NET.Integration\Substrate.Collectives.NET.Integration.csproj", "{B8BC10CA-B696-495C-935F-120B6ACF9D3C}"
EndProject
Project("{FAE04EC0-301F-11D3-BF4B-00C04F79EFBC}") = "Substrate.Collectives.NET.RestClient", "Substrate.Collectives.NET.RestClient\Substrate.Collectives.NET.RestClient.csproj", "{A76F9F90-55B5-4EC7-BC2A-D54626239220}"
EndProject
Project("{FAE04EC0-301F-11D3-BF4B-00C04F79EFBC}") = "Substrate.Collectives.NET.RestClient.Mockup", "Substrate.Collectives.NET.RestClient.Mockup\Substrate.Collectives.NET.RestClient.Mockup.csproj", "{6D8EA109-2071-4C8C-BB04-A922CD50C660}"
EndProject
Project("{FAE04EC0-301F-11D3-BF4B-00C04F79EFBC}") = "Substrate.Collectives.NET.RestClient.Test", "Substrate.Collectives.NET.RestClient.Test\Substrate.Collectives.NET.RestClient.Test.csproj", "{58D5F9AD-876B-47CF-8FC7-447B9893D498}"
EndProject
Global
	GlobalSection(SolutionConfigurationPlatforms) = preSolution
		Debug|Any CPU = Debug|Any CPU
		Release|Any CPU = Release|Any CPU
	EndGlobalSection
	GlobalSection(SolutionProperties) = preSolution
		HideSolutionNode = FALSE
	EndGlobalSection
	GlobalSection(ProjectConfigurationPlatforms) = postSolution
		{48ED260D-CA9A-45A3-99F5-87AAE7E97B6F}.Debug|Any CPU.ActiveCfg = Debug|Any CPU
		{48ED260D-CA9A-45A3-99F5-87AAE7E97B6F}.Debug|Any CPU.Build.0 = Debug|Any CPU
		{48ED260D-CA9A-45A3-99F5-87AAE7E97B6F}.Release|Any CPU.ActiveCfg = Release|Any CPU
		{48ED260D-CA9A-45A3-99F5-87AAE7E97B6F}.Release|Any CPU.Build.0 = Release|Any CPU
		{BB4139E2-0DE2-4CEB-B2C4-22AB111D1E92}.Debug|Any CPU.ActiveCfg = Debug|Any CPU
		{BB4139E2-0DE2-4CEB-B2C4-22AB111D1E92}.Debug|Any CPU.Build.0 = Debug|Any CPU
		{BB4139E2-0DE2-4CEB-B2C4-22AB111D1E92}.Release|Any CPU.ActiveCfg = Release|Any CPU
		{BB4139E2-0DE2-4CEB-B2C4-22AB111D1E92}.Release|Any CPU.Build.0 = Release|Any CPU
		{B8BC10CA-B696-495C-935F-120B6ACF9D3C}.Debug|Any CPU.ActiveCfg = Debug|Any CPU
		{B8BC10CA-B696-495C-935F-120B6ACF9D3C}.Debug|Any CPU.Build.0 = Debug|Any CPU
		{B8BC10CA-B696-495C-935F-120B6ACF9D3C}.Release|Any CPU.ActiveCfg = Release|Any CPU
		{B8BC10CA-B696-495C-935F-120B6ACF9D3C}.Release|Any CPU.Build.0 = Release|Any CPU
		{A76F9F90-55B5-4EC7-BC2A-D54626239220}.Debug|Any CPU.ActiveCfg = Debug|Any CPU
		{A76F9F90-55B5-4EC7-BC2A-D54626239220}.Debug|Any CPU.Build.0 = Debug|Any CPU
		{A76F9F90-55B5-4EC7-BC2A-D54626239220}.Release|Any CPU.ActiveCfg = Release|Any CPU
		{A76F9F90-55B5-4EC7-BC2A-D54626239220}.Release|Any CPU.Build.0 = Release|Any CPU
		{6D8EA109-2071-4C8C-BB04-A922CD50C660}.Debug|Any CPU.ActiveCfg = Debug|Any CPU
		{6D8EA109-2071-4C8C-BB04-A922CD50C660}.Debug|Any CPU.Build.0 = Debug|Any CPU
		{6D8EA109-2071-4C8C-BB04-A922CD50C660}.Release|Any CPU.ActiveCfg = Release|Any CPU
		{6D8EA109-2071-4C8C-BB04-A922CD50C660}.Release|Any CPU.Build.0 = Release|Any CPU
		{58D5F9AD-876B-47CF-8FC7-447B9893D498}.Debug|Any CPU.ActiveCfg = Debug|Any CPU
		{58D5F9AD-876B-47CF-8FC7-447B9893D498}.Debug|Any CPU.Build.0 = Debug|Any CPU
		{58D5F9AD-876B-47CF-8FC7-447B9893D498}.Release|Any CPU.ActiveCfg = Release|Any CPU
		{58D5F9AD-876B-47CF-8FC7-447B9893D498}.Release|Any CPU.Build.0 = Release|Any CPU
	EndGlobalSection
EndGlobal
