
Microsoft Visual Studio Solution File, Format Version 12.00
# Visual Studio Version 17
VisualStudioVersion = 17.0.31903.59
MinimumVisualStudioVersion = 10.0.40219.1
Project("{FAE04EC0-301F-11D3-BF4B-00C04F79EFBC}") = "Substrate.Kusama.NET.RestService", "Substrate.Kusama.NET.RestService\Substrate.Kusama.NET.RestService.csproj", "{D582330A-AEFD-4576-9978-07FB17E8063A}"
EndProject
Project("{FAE04EC0-301F-11D3-BF4B-00C04F79EFBC}") = "Substrate.Kusama.NET.NetApiExt", "Substrate.Kusama.NET.NetApiExt\Substrate.Kusama.NET.NetApiExt.csproj", "{71F836CC-B62A-46F6-92F5-119BB908A381}"
EndProject
Project("{FAE04EC0-301F-11D3-BF4B-00C04F79EFBC}") = "Substrate.Kusama.NET.RestClient", "Substrate.Kusama.NET.RestClient\Substrate.Kusama.NET.RestClient.csproj", "{EDBA581E-642B-4349-B92B-A00A1F0BEF42}"
EndProject
Project("{FAE04EC0-301F-11D3-BF4B-00C04F79EFBC}") = "Substrate.Kusama.NET.RestClient.Mockup", "Substrate.Kusama.NET.RestClient.Mockup\Substrate.Kusama.NET.RestClient.Mockup.csproj", "{EE6B8A1D-C38C-4AEF-A2CC-EBD91791DA4D}"
EndProject
Project("{FAE04EC0-301F-11D3-BF4B-00C04F79EFBC}") = "Substrate.Kusama.NET.RestClient.Test", "Substrate.Kusama.NET.RestClient.Test\Substrate.Kusama.NET.RestClient.Test.csproj", "{CEFA8B64-81CC-4BC7-B051-4E505A2CB8ED}"
EndProject
Project("{FAE04EC0-301F-11D3-BF4B-00C04F79EFBC}") = "Substrate.Kusama.NET.Integration", "Substrate.Kusama.NET.Integration\Substrate.Kusama.NET.Integration.csproj", "{24B67397-A5E8-43F7-8101-1E49275E9368}"
EndProject
Global
	GlobalSection(SolutionConfigurationPlatforms) = preSolution
		Debug|Any CPU = Debug|Any CPU
		Release|Any CPU = Release|Any CPU
	EndGlobalSection
	GlobalSection(SolutionProperties) = preSolution
		HideSolutionNode = FALSE
	EndGlobalSection
	GlobalSection(ProjectConfigurationPlatforms) = postSolution
		{D582330A-AEFD-4576-9978-07FB17E8063A}.Debug|Any CPU.ActiveCfg = Debug|Any CPU
		{D582330A-AEFD-4576-9978-07FB17E8063A}.Debug|Any CPU.Build.0 = Debug|Any CPU
		{D582330A-AEFD-4576-9978-07FB17E8063A}.Release|Any CPU.ActiveCfg = Release|Any CPU
		{D582330A-AEFD-4576-9978-07FB17E8063A}.Release|Any CPU.Build.0 = Release|Any CPU
		{71F836CC-B62A-46F6-92F5-119BB908A381}.Debug|Any CPU.ActiveCfg = Debug|Any CPU
		{71F836CC-B62A-46F6-92F5-119BB908A381}.Debug|Any CPU.Build.0 = Debug|Any CPU
		{71F836CC-B62A-46F6-92F5-119BB908A381}.Release|Any CPU.ActiveCfg = Release|Any CPU
		{71F836CC-B62A-46F6-92F5-119BB908A381}.Release|Any CPU.Build.0 = Release|Any CPU
		{EDBA581E-642B-4349-B92B-A00A1F0BEF42}.Debug|Any CPU.ActiveCfg = Debug|Any CPU
		{EDBA581E-642B-4349-B92B-A00A1F0BEF42}.Debug|Any CPU.Build.0 = Debug|Any CPU
		{EDBA581E-642B-4349-B92B-A00A1F0BEF42}.Release|Any CPU.ActiveCfg = Release|Any CPU
		{EDBA581E-642B-4349-B92B-A00A1F0BEF42}.Release|Any CPU.Build.0 = Release|Any CPU
		{EE6B8A1D-C38C-4AEF-A2CC-EBD91791DA4D}.Debug|Any CPU.ActiveCfg = Debug|Any CPU
		{EE6B8A1D-C38C-4AEF-A2CC-EBD91791DA4D}.Debug|Any CPU.Build.0 = Debug|Any CPU
		{EE6B8A1D-C38C-4AEF-A2CC-EBD91791DA4D}.Release|Any CPU.ActiveCfg = Release|Any CPU
		{EE6B8A1D-C38C-4AEF-A2CC-EBD91791DA4D}.Release|Any CPU.Build.0 = Release|Any CPU
		{CEFA8B64-81CC-4BC7-B051-4E505A2CB8ED}.Debug|Any CPU.ActiveCfg = Debug|Any CPU
		{CEFA8B64-81CC-4BC7-B051-4E505A2CB8ED}.Debug|Any CPU.Build.0 = Debug|Any CPU
		{CEFA8B64-81CC-4BC7-B051-4E505A2CB8ED}.Release|Any CPU.ActiveCfg = Release|Any CPU
		{CEFA8B64-81CC-4BC7-B051-4E505A2CB8ED}.Release|Any CPU.Build.0 = Release|Any CPU
		{24B67397-A5E8-43F7-8101-1E49275E9368}.Debug|Any CPU.ActiveCfg = Debug|Any CPU
		{24B67397-A5E8-43F7-8101-1E49275E9368}.Debug|Any CPU.Build.0 = Debug|Any CPU
		{24B67397-A5E8-43F7-8101-1E49275E9368}.Release|Any CPU.ActiveCfg = Release|Any CPU
		{24B67397-A5E8-43F7-8101-1E49275E9368}.Release|Any CPU.Build.0 = Release|Any CPU
	EndGlobalSection
EndGlobal
