
Microsoft Visual Studio Solution File, Format Version 12.00
# Visual Studio Version 17
VisualStudioVersion = 17.0.31903.59
MinimumVisualStudioVersion = 10.0.40219.1
Project("{FAE04EC0-301F-11D3-BF4B-00C04F79EFBC}") = "Substrate.PolkadotAssetHub.NET.RestService", "Substrate.PolkadotAssetHub.NET.RestService\Substrate.PolkadotAssetHub.NET.RestService.csproj", "{185FF4F1-0E15-43FE-90E0-E384832521B7}"
EndProject
Project("{FAE04EC0-301F-11D3-BF4B-00C04F79EFBC}") = "Substrate.PolkadotAssetHub.NET.NetApiExt", "Substrate.PolkadotAssetHub.NET.NetApiExt\Substrate.PolkadotAssetHub.NET.NetApiExt.csproj", "{BF42B84A-5548-4B98-87CF-CFC036277A3A}"
EndProject
Project("{FAE04EC0-301F-11D3-BF4B-00C04F79EFBC}") = "Substrate.PolkadotAssetHub.NET.Integration", "Substrate.PolkadotAssetHub.NET.Integration\Substrate.PolkadotAssetHub.NET.Integration.csproj", "{B4BE321C-BABF-44AA-8540-A7EEAB14D0F0}"
EndProject
Project("{FAE04EC0-301F-11D3-BF4B-00C04F79EFBC}") = "Substrate.PolkadotAssetHub.NET.RestClient", "Substrate.PolkadotAssetHub.NET.RestClient\Substrate.PolkadotAssetHub.NET.RestClient.csproj", "{5D49F452-EC31-48BD-AFF9-762824872409}"
EndProject
Project("{FAE04EC0-301F-11D3-BF4B-00C04F79EFBC}") = "Substrate.PolkadotAssetHub.NET.RestClient.Mockup", "Substrate.PolkadotAssetHub.NET.RestClient.Mockup\Substrate.PolkadotAssetHub.NET.RestClient.Mockup.csproj", "{7973FA25-D634-4B87-883A-AECC20448E2A}"
EndProject
Project("{FAE04EC0-301F-11D3-BF4B-00C04F79EFBC}") = "Substrate.PolkadotAssetHub.NET.RestClient.Test", "Substrate.PolkadotAssetHub.NET.RestClient.Test\Substrate.PolkadotAssetHub.NET.RestClient.Test.csproj", "{DD7C3F29-ABCA-477B-839C-D6D677C0D213}"
EndProject
Global
	GlobalSection(SolutionConfigurationPlatforms) = preSolution
		Debug|Any CPU = Debug|Any CPU
		Release|Any CPU = Release|Any CPU
	EndGlobalSection
	GlobalSection(SolutionProperties) = preSolution
		HideSolutionNode = FALSE
	EndGlobalSection
	GlobalSection(ProjectConfigurationPlatforms) = postSolution
		{185FF4F1-0E15-43FE-90E0-E384832521B7}.Debug|Any CPU.ActiveCfg = Debug|Any CPU
		{185FF4F1-0E15-43FE-90E0-E384832521B7}.Debug|Any CPU.Build.0 = Debug|Any CPU
		{185FF4F1-0E15-43FE-90E0-E384832521B7}.Release|Any CPU.ActiveCfg = Release|Any CPU
		{185FF4F1-0E15-43FE-90E0-E384832521B7}.Release|Any CPU.Build.0 = Release|Any CPU
		{BF42B84A-5548-4B98-87CF-CFC036277A3A}.Debug|Any CPU.ActiveCfg = Debug|Any CPU
		{BF42B84A-5548-4B98-87CF-CFC036277A3A}.Debug|Any CPU.Build.0 = Debug|Any CPU
		{BF42B84A-5548-4B98-87CF-CFC036277A3A}.Release|Any CPU.ActiveCfg = Release|Any CPU
		{BF42B84A-5548-4B98-87CF-CFC036277A3A}.Release|Any CPU.Build.0 = Release|Any CPU
		{B4BE321C-BABF-44AA-8540-A7EEAB14D0F0}.Debug|Any CPU.ActiveCfg = Debug|Any CPU
		{B4BE321C-BABF-44AA-8540-A7EEAB14D0F0}.Debug|Any CPU.Build.0 = Debug|Any CPU
		{B4BE321C-BABF-44AA-8540-A7EEAB14D0F0}.Release|Any CPU.ActiveCfg = Release|Any CPU
		{B4BE321C-BABF-44AA-8540-A7EEAB14D0F0}.Release|Any CPU.Build.0 = Release|Any CPU
		{5D49F452-EC31-48BD-AFF9-762824872409}.Debug|Any CPU.ActiveCfg = Debug|Any CPU
		{5D49F452-EC31-48BD-AFF9-762824872409}.Debug|Any CPU.Build.0 = Debug|Any CPU
		{5D49F452-EC31-48BD-AFF9-762824872409}.Release|Any CPU.ActiveCfg = Release|Any CPU
		{5D49F452-EC31-48BD-AFF9-762824872409}.Release|Any CPU.Build.0 = Release|Any CPU
		{7973FA25-D634-4B87-883A-AECC20448E2A}.Debug|Any CPU.ActiveCfg = Debug|Any CPU
		{7973FA25-D634-4B87-883A-AECC20448E2A}.Debug|Any CPU.Build.0 = Debug|Any CPU
		{7973FA25-D634-4B87-883A-AECC20448E2A}.Release|Any CPU.ActiveCfg = Release|Any CPU
		{7973FA25-D634-4B87-883A-AECC20448E2A}.Release|Any CPU.Build.0 = Release|Any CPU
		{DD7C3F29-ABCA-477B-839C-D6D677C0D213}.Debug|Any CPU.ActiveCfg = Debug|Any CPU
		{DD7C3F29-ABCA-477B-839C-D6D677C0D213}.Debug|Any CPU.Build.0 = Debug|Any CPU
		{DD7C3F29-ABCA-477B-839C-D6D677C0D213}.Release|Any CPU.ActiveCfg = Release|Any CPU
		{DD7C3F29-ABCA-477B-839C-D6D677C0D213}.Release|Any CPU.Build.0 = Release|Any CPU
	EndGlobalSection
EndGlobal
