
Microsoft Visual Studio Solution File, Format Version 12.00
# Visual Studio Version 17
VisualStudioVersion = 17.0.31903.59
MinimumVisualStudioVersion = 10.0.40219.1
Project("{9A19103F-16F7-4668-BE54-9A1E7A4F7556}") = "Substrate.Polkadot.NET.NetApiExt", "Substrate.Polkadot.NET.NetApiExt\Substrate.Polkadot.NET.NetApiExt.csproj", "{C8BA9FF5-FB1A-4630-9BE8-5DF34CA186D3}"
EndProject
Project("{9A19103F-16F7-4668-BE54-9A1E7A4F7556}") = "Substrate.Polkadot.NET.Integration", "Substrate.Polkadot.NET.Integration\Substrate.Polkadot.NET.Integration.csproj", "{63C48022-AF71-48B3-91B7-AFBF0FC542B6}"
EndProject
Project("{9A19103F-16F7-4668-BE54-9A1E7A4F7556}") = "Substrate.Polkadot.NET.RestClient", "Substrate.Polkadot.NET.RestClient\Substrate.Polkadot.NET.RestClient.csproj", "{E3EBA1C9-A497-4FBC-A24F-255EF018E1D8}"
EndProject
Project("{9A19103F-16F7-4668-BE54-9A1E7A4F7556}") = "Substrate.Polkadot.NET.RestClient.Mockup", "Substrate.Polkadot.NET.RestClient.Mockup\Substrate.Polkadot.NET.RestClient.Mockup.csproj", "{028D4DF0-E19A-4E53-82F9-82F36AE71B48}"
EndProject
Project("{9A19103F-16F7-4668-BE54-9A1E7A4F7556}") = "Substrate.Polkadot.NET.RestClient.Test", "Substrate.Polkadot.NET.RestClient.Test\Substrate.Polkadot.NET.RestClient.Test.csproj", "{57C1C522-BC82-4EDE-A9AF-38055F5F2203}"
EndProject
Global
	GlobalSection(SolutionConfigurationPlatforms) = preSolution
		Debug|Any CPU = Debug|Any CPU
		Release|Any CPU = Release|Any CPU
	EndGlobalSection
	GlobalSection(ProjectConfigurationPlatforms) = postSolution
		{C8BA9FF5-FB1A-4630-9BE8-5DF34CA186D3}.Debug|Any CPU.ActiveCfg = Debug|Any CPU
		{C8BA9FF5-FB1A-4630-9BE8-5DF34CA186D3}.Debug|Any CPU.Build.0 = Debug|Any CPU
		{C8BA9FF5-FB1A-4630-9BE8-5DF34CA186D3}.Release|Any CPU.ActiveCfg = Release|Any CPU
		{C8BA9FF5-FB1A-4630-9BE8-5DF34CA186D3}.Release|Any CPU.Build.0 = Release|Any CPU
		{63C48022-AF71-48B3-91B7-AFBF0FC542B6}.Debug|Any CPU.ActiveCfg = Debug|Any CPU
		{63C48022-AF71-48B3-91B7-AFBF0FC542B6}.Debug|Any CPU.Build.0 = Debug|Any CPU
		{63C48022-AF71-48B3-91B7-AFBF0FC542B6}.Release|Any CPU.ActiveCfg = Release|Any CPU
		{63C48022-AF71-48B3-91B7-AFBF0FC542B6}.Release|Any CPU.Build.0 = Release|Any CPU
		{E3EBA1C9-A497-4FBC-A24F-255EF018E1D8}.Debug|Any CPU.ActiveCfg = Debug|Any CPU
		{E3EBA1C9-A497-4FBC-A24F-255EF018E1D8}.Debug|Any CPU.Build.0 = Debug|Any CPU
		{E3EBA1C9-A497-4FBC-A24F-255EF018E1D8}.Release|Any CPU.ActiveCfg = Release|Any CPU
		{E3EBA1C9-A497-4FBC-A24F-255EF018E1D8}.Release|Any CPU.Build.0 = Release|Any CPU
		{028D4DF0-E19A-4E53-82F9-82F36AE71B48}.Debug|Any CPU.ActiveCfg = Debug|Any CPU
		{028D4DF0-E19A-4E53-82F9-82F36AE71B48}.Debug|Any CPU.Build.0 = Debug|Any CPU
		{028D4DF0-E19A-4E53-82F9-82F36AE71B48}.Release|Any CPU.ActiveCfg = Release|Any CPU
		{028D4DF0-E19A-4E53-82F9-82F36AE71B48}.Release|Any CPU.Build.0 = Release|Any CPU
		{57C1C522-BC82-4EDE-A9AF-38055F5F2203}.Debug|Any CPU.ActiveCfg = Debug|Any CPU
		{57C1C522-BC82-4EDE-A9AF-38055F5F2203}.Debug|Any CPU.Build.0 = Debug|Any CPU
		{57C1C522-BC82-4EDE-A9AF-38055F5F2203}.Release|Any CPU.ActiveCfg = Release|Any CPU
		{57C1C522-BC82-4EDE-A9AF-38055F5F2203}.Release|Any CPU.Build.0 = Release|Any CPU
	EndGlobalSection
	GlobalSection(SolutionProperties) = preSolution
		HideSolutionNode = FALSE
	EndGlobalSection
EndGlobal
