
Microsoft Visual Studio Solution File, Format Version 12.00
# Visual Studio Version 17
VisualStudioVersion = 17.0.31903.59
MinimumVisualStudioVersion = 10.0.40219.1
Project("{FAE04EC0-301F-11D3-BF4B-00C04F79EFBC}") = "Substrate.Polkadot.NET.RestService", "Substrate.Polkadot.NET.RestService\Substrate.Polkadot.NET.RestService.csproj", "{D4DBC791-C785-43E3-9247-19CC995D4A23}"
EndProject
Project("{FAE04EC0-301F-11D3-BF4B-00C04F79EFBC}") = "Substrate.Polkadot.NET.NetApiExt", "Substrate.Polkadot.NET.NetApiExt\Substrate.Polkadot.NET.NetApiExt.csproj", "{5534A623-AC36-43E1-9AF0-7341D870D694}"
EndProject
Project("{FAE04EC0-301F-11D3-BF4B-00C04F79EFBC}") = "Substrate.Polkadot.NET.RestClient", "Substrate.Polkadot.NET.RestClient\Substrate.Polkadot.NET.RestClient.csproj", "{9A7CCAE7-FCCE-496E-A01C-13653420371F}"
EndProject
Project("{FAE04EC0-301F-11D3-BF4B-00C04F79EFBC}") = "Substrate.Polkadot.NET.RestClient.Mockup", "Substrate.Polkadot.NET.RestClient.Mockup\Substrate.Polkadot.NET.RestClient.Mockup.csproj", "{2B311751-971A-4452-8A63-D905AF1B4999}"
EndProject
Project("{FAE04EC0-301F-11D3-BF4B-00C04F79EFBC}") = "Substrate.Polkadot.NET.RestClient.Test", "Substrate.Polkadot.NET.RestClient.Test\Substrate.Polkadot.NET.RestClient.Test.csproj", "{E4A198BA-7947-4EA0-ABAA-436FFDF27EC0}"
EndProject
Global
	GlobalSection(SolutionConfigurationPlatforms) = preSolution
		Debug|Any CPU = Debug|Any CPU
		Release|Any CPU = Release|Any CPU
	EndGlobalSection
	GlobalSection(SolutionProperties) = preSolution
		HideSolutionNode = FALSE
	EndGlobalSection
	GlobalSection(ProjectConfigurationPlatforms) = postSolution
		{D4DBC791-C785-43E3-9247-19CC995D4A23}.Debug|Any CPU.ActiveCfg = Debug|Any CPU
		{D4DBC791-C785-43E3-9247-19CC995D4A23}.Debug|Any CPU.Build.0 = Debug|Any CPU
		{D4DBC791-C785-43E3-9247-19CC995D4A23}.Release|Any CPU.ActiveCfg = Release|Any CPU
		{D4DBC791-C785-43E3-9247-19CC995D4A23}.Release|Any CPU.Build.0 = Release|Any CPU
		{5534A623-AC36-43E1-9AF0-7341D870D694}.Debug|Any CPU.ActiveCfg = Debug|Any CPU
		{5534A623-AC36-43E1-9AF0-7341D870D694}.Debug|Any CPU.Build.0 = Debug|Any CPU
		{5534A623-AC36-43E1-9AF0-7341D870D694}.Release|Any CPU.ActiveCfg = Release|Any CPU
		{5534A623-AC36-43E1-9AF0-7341D870D694}.Release|Any CPU.Build.0 = Release|Any CPU
		{9A7CCAE7-FCCE-496E-A01C-13653420371F}.Debug|Any CPU.ActiveCfg = Debug|Any CPU
		{9A7CCAE7-FCCE-496E-A01C-13653420371F}.Debug|Any CPU.Build.0 = Debug|Any CPU
		{9A7CCAE7-FCCE-496E-A01C-13653420371F}.Release|Any CPU.ActiveCfg = Release|Any CPU
		{9A7CCAE7-FCCE-496E-A01C-13653420371F}.Release|Any CPU.Build.0 = Release|Any CPU
		{2B311751-971A-4452-8A63-D905AF1B4999}.Debug|Any CPU.ActiveCfg = Debug|Any CPU
		{2B311751-971A-4452-8A63-D905AF1B4999}.Debug|Any CPU.Build.0 = Debug|Any CPU
		{2B311751-971A-4452-8A63-D905AF1B4999}.Release|Any CPU.ActiveCfg = Release|Any CPU
		{2B311751-971A-4452-8A63-D905AF1B4999}.Release|Any CPU.Build.0 = Release|Any CPU
		{E4A198BA-7947-4EA0-ABAA-436FFDF27EC0}.Debug|Any CPU.ActiveCfg = Debug|Any CPU
		{E4A198BA-7947-4EA0-ABAA-436FFDF27EC0}.Debug|Any CPU.Build.0 = Debug|Any CPU
		{E4A198BA-7947-4EA0-ABAA-436FFDF27EC0}.Release|Any CPU.ActiveCfg = Release|Any CPU
		{E4A198BA-7947-4EA0-ABAA-436FFDF27EC0}.Release|Any CPU.Build.0 = Release|Any CPU
	EndGlobalSection
EndGlobal
