
Microsoft Visual Studio Solution File, Format Version 12.00
# Visual Studio Version 17
VisualStudioVersion = 17.0.31903.59
MinimumVisualStudioVersion = 10.0.40219.1
Project("{FAE04EC0-301F-11D3-BF4B-00C04F79EFBC}") = "Substrate.Polkadot.RestService", "Substrate.Polkadot.RestService\Substrate.Polkadot.RestService.csproj", "{C8C0ABD9-B5F5-4758-87C6-35E7C1337265}"
EndProject
Project("{FAE04EC0-301F-11D3-BF4B-00C04F79EFBC}") = "Substrate.Polkadot.NetApiExt", "Substrate.Polkadot.NetApiExt\Substrate.Polkadot.NetApiExt.csproj", "{AEF69605-F015-4717-8FEB-345E9BD38E3A}"
EndProject
Project("{FAE04EC0-301F-11D3-BF4B-00C04F79EFBC}") = "Substrate.Polkadot.Integration", "Substrate.Polkadot.Integration\Substrate.Polkadot.Integration.csproj", "{950531BF-8AB8-4477-B9F7-6689AFA4636E}"
EndProject
Project("{FAE04EC0-301F-11D3-BF4B-00C04F79EFBC}") = "Substrate.Polkadot.RestClient", "Substrate.Polkadot.RestClient\Substrate.Polkadot.RestClient.csproj", "{DF9F3DF4-3397-40C5-973A-817F7CC35CD0}"
EndProject
Project("{FAE04EC0-301F-11D3-BF4B-00C04F79EFBC}") = "Substrate.Polkadot.RestClient.Mockup", "Substrate.Polkadot.RestClient.Mockup\Substrate.Polkadot.RestClient.Mockup.csproj", "{1DEAD7B0-0B24-440A-ABCE-7F9CEB62B810}"
EndProject
Project("{FAE04EC0-301F-11D3-BF4B-00C04F79EFBC}") = "Substrate.Polkadot.RestClient.Test", "Substrate.Polkadot.RestClient.Test\Substrate.Polkadot.RestClient.Test.csproj", "{99C1FC5D-B56A-4693-A2C3-ED67EFE0F07A}"
EndProject
Global
	GlobalSection(SolutionConfigurationPlatforms) = preSolution
		Debug|Any CPU = Debug|Any CPU
		Release|Any CPU = Release|Any CPU
	EndGlobalSection
	GlobalSection(SolutionProperties) = preSolution
		HideSolutionNode = FALSE
	EndGlobalSection
	GlobalSection(ProjectConfigurationPlatforms) = postSolution
		{C8C0ABD9-B5F5-4758-87C6-35E7C1337265}.Debug|Any CPU.ActiveCfg = Debug|Any CPU
		{C8C0ABD9-B5F5-4758-87C6-35E7C1337265}.Debug|Any CPU.Build.0 = Debug|Any CPU
		{C8C0ABD9-B5F5-4758-87C6-35E7C1337265}.Release|Any CPU.ActiveCfg = Release|Any CPU
		{C8C0ABD9-B5F5-4758-87C6-35E7C1337265}.Release|Any CPU.Build.0 = Release|Any CPU
		{AEF69605-F015-4717-8FEB-345E9BD38E3A}.Debug|Any CPU.ActiveCfg = Debug|Any CPU
		{AEF69605-F015-4717-8FEB-345E9BD38E3A}.Debug|Any CPU.Build.0 = Debug|Any CPU
		{AEF69605-F015-4717-8FEB-345E9BD38E3A}.Release|Any CPU.ActiveCfg = Release|Any CPU
		{AEF69605-F015-4717-8FEB-345E9BD38E3A}.Release|Any CPU.Build.0 = Release|Any CPU
		{950531BF-8AB8-4477-B9F7-6689AFA4636E}.Debug|Any CPU.ActiveCfg = Debug|Any CPU
		{950531BF-8AB8-4477-B9F7-6689AFA4636E}.Debug|Any CPU.Build.0 = Debug|Any CPU
		{950531BF-8AB8-4477-B9F7-6689AFA4636E}.Release|Any CPU.ActiveCfg = Release|Any CPU
		{950531BF-8AB8-4477-B9F7-6689AFA4636E}.Release|Any CPU.Build.0 = Release|Any CPU
		{DF9F3DF4-3397-40C5-973A-817F7CC35CD0}.Debug|Any CPU.ActiveCfg = Debug|Any CPU
		{DF9F3DF4-3397-40C5-973A-817F7CC35CD0}.Debug|Any CPU.Build.0 = Debug|Any CPU
		{DF9F3DF4-3397-40C5-973A-817F7CC35CD0}.Release|Any CPU.ActiveCfg = Release|Any CPU
		{DF9F3DF4-3397-40C5-973A-817F7CC35CD0}.Release|Any CPU.Build.0 = Release|Any CPU
		{1DEAD7B0-0B24-440A-ABCE-7F9CEB62B810}.Debug|Any CPU.ActiveCfg = Debug|Any CPU
		{1DEAD7B0-0B24-440A-ABCE-7F9CEB62B810}.Debug|Any CPU.Build.0 = Debug|Any CPU
		{1DEAD7B0-0B24-440A-ABCE-7F9CEB62B810}.Release|Any CPU.ActiveCfg = Release|Any CPU
		{1DEAD7B0-0B24-440A-ABCE-7F9CEB62B810}.Release|Any CPU.Build.0 = Release|Any CPU
		{99C1FC5D-B56A-4693-A2C3-ED67EFE0F07A}.Debug|Any CPU.ActiveCfg = Debug|Any CPU
		{99C1FC5D-B56A-4693-A2C3-ED67EFE0F07A}.Debug|Any CPU.Build.0 = Debug|Any CPU
		{99C1FC5D-B56A-4693-A2C3-ED67EFE0F07A}.Release|Any CPU.ActiveCfg = Release|Any CPU
		{99C1FC5D-B56A-4693-A2C3-ED67EFE0F07A}.Release|Any CPU.Build.0 = Release|Any CPU
	EndGlobalSection
EndGlobal
