
Microsoft Visual Studio Solution File, Format Version 12.00
# Visual Studio Version 17
VisualStudioVersion = 17.0.31903.59
MinimumVisualStudioVersion = 10.0.40219.1
Project("{FAE04EC0-301F-11D3-BF4B-00C04F79EFBC}") = "Substrate.Unique.NET.RestService", "Substrate.Unique.NET.RestService\Substrate.Unique.NET.RestService.csproj", "{86D7A6FB-C8B8-49FD-A833-2191E0EC7C7C}"
EndProject
Project("{FAE04EC0-301F-11D3-BF4B-00C04F79EFBC}") = "Substrate.Unique.NET.NetApiExt", "Substrate.Unique.NET.NetApiExt\Substrate.Unique.NET.NetApiExt.csproj", "{FD5D2A56-0E7F-4894-BD12-845C495BD2EF}"
EndProject
Project("{FAE04EC0-301F-11D3-BF4B-00C04F79EFBC}") = "Substrate.Unique.NET.RestClient", "Substrate.Unique.NET.RestClient\Substrate.Unique.NET.RestClient.csproj", "{E89BE447-9CD8-4941-919D-ABE4ED1F46AF}"
EndProject
Project("{FAE04EC0-301F-11D3-BF4B-00C04F79EFBC}") = "Substrate.Unique.NET.RestClient.Mockup", "Substrate.Unique.NET.RestClient.Mockup\Substrate.Unique.NET.RestClient.Mockup.csproj", "{CF6C571D-FB1A-42AA-94B1-FD15FBF60F6C}"
EndProject
Project("{FAE04EC0-301F-11D3-BF4B-00C04F79EFBC}") = "Substrate.Unique.NET.RestClient.Test", "Substrate.Unique.NET.RestClient.Test\Substrate.Unique.NET.RestClient.Test.csproj", "{FFC940E1-EB6D-4E65-A2BF-7A079E9486EA}"
EndProject
Global
	GlobalSection(SolutionConfigurationPlatforms) = preSolution
		Debug|Any CPU = Debug|Any CPU
		Release|Any CPU = Release|Any CPU
	EndGlobalSection
	GlobalSection(SolutionProperties) = preSolution
		HideSolutionNode = FALSE
	EndGlobalSection
	GlobalSection(ProjectConfigurationPlatforms) = postSolution
		{86D7A6FB-C8B8-49FD-A833-2191E0EC7C7C}.Debug|Any CPU.ActiveCfg = Debug|Any CPU
		{86D7A6FB-C8B8-49FD-A833-2191E0EC7C7C}.Debug|Any CPU.Build.0 = Debug|Any CPU
		{86D7A6FB-C8B8-49FD-A833-2191E0EC7C7C}.Release|Any CPU.ActiveCfg = Release|Any CPU
		{86D7A6FB-C8B8-49FD-A833-2191E0EC7C7C}.Release|Any CPU.Build.0 = Release|Any CPU
		{FD5D2A56-0E7F-4894-BD12-845C495BD2EF}.Debug|Any CPU.ActiveCfg = Debug|Any CPU
		{FD5D2A56-0E7F-4894-BD12-845C495BD2EF}.Debug|Any CPU.Build.0 = Debug|Any CPU
		{FD5D2A56-0E7F-4894-BD12-845C495BD2EF}.Release|Any CPU.ActiveCfg = Release|Any CPU
		{FD5D2A56-0E7F-4894-BD12-845C495BD2EF}.Release|Any CPU.Build.0 = Release|Any CPU
		{E89BE447-9CD8-4941-919D-ABE4ED1F46AF}.Debug|Any CPU.ActiveCfg = Debug|Any CPU
		{E89BE447-9CD8-4941-919D-ABE4ED1F46AF}.Debug|Any CPU.Build.0 = Debug|Any CPU
		{E89BE447-9CD8-4941-919D-ABE4ED1F46AF}.Release|Any CPU.ActiveCfg = Release|Any CPU
		{E89BE447-9CD8-4941-919D-ABE4ED1F46AF}.Release|Any CPU.Build.0 = Release|Any CPU
		{CF6C571D-FB1A-42AA-94B1-FD15FBF60F6C}.Debug|Any CPU.ActiveCfg = Debug|Any CPU
		{CF6C571D-FB1A-42AA-94B1-FD15FBF60F6C}.Debug|Any CPU.Build.0 = Debug|Any CPU
		{CF6C571D-FB1A-42AA-94B1-FD15FBF60F6C}.Release|Any CPU.ActiveCfg = Release|Any CPU
		{CF6C571D-FB1A-42AA-94B1-FD15FBF60F6C}.Release|Any CPU.Build.0 = Release|Any CPU
		{FFC940E1-EB6D-4E65-A2BF-7A079E9486EA}.Debug|Any CPU.ActiveCfg = Debug|Any CPU
		{FFC940E1-EB6D-4E65-A2BF-7A079E9486EA}.Debug|Any CPU.Build.0 = Debug|Any CPU
		{FFC940E1-EB6D-4E65-A2BF-7A079E9486EA}.Release|Any CPU.ActiveCfg = Release|Any CPU
		{FFC940E1-EB6D-4E65-A2BF-7A079E9486EA}.Release|Any CPU.Build.0 = Release|Any CPU
	EndGlobalSection
EndGlobal
