
Microsoft Visual Studio Solution File, Format Version 12.00
# Visual Studio Version 17
VisualStudioVersion = 17.0.31903.59
MinimumVisualStudioVersion = 10.0.40219.1
Project("{FAE04EC0-301F-11D3-BF4B-00C04F79EFBC}") = "Substrate.Ajuna.NET.RestService", "Substrate.Ajuna.NET.RestService\Substrate.Ajuna.NET.RestService.csproj", "{AE0AB636-7A70-4F79-962A-E3490E2F5C85}"
EndProject
Project("{FAE04EC0-301F-11D3-BF4B-00C04F79EFBC}") = "Substrate.Ajuna.NET.NetApiExt", "Substrate.Ajuna.NET.NetApiExt\Substrate.Ajuna.NET.NetApiExt.csproj", "{315CD630-FD5E-4E32-A325-9F872D2310F8}"
EndProject
Project("{FAE04EC0-301F-11D3-BF4B-00C04F79EFBC}") = "Substrate.Ajuna.NET.RestClient", "Substrate.Ajuna.NET.RestClient\Substrate.Ajuna.NET.RestClient.csproj", "{AD0483A2-E906-4A2B-9A4F-7157E263CBC0}"
EndProject
Project("{FAE04EC0-301F-11D3-BF4B-00C04F79EFBC}") = "Substrate.Ajuna.NET.RestClient.Mockup", "Substrate.Ajuna.NET.RestClient.Mockup\Substrate.Ajuna.NET.RestClient.Mockup.csproj", "{A088B2E6-3F59-4CA6-9832-D9A5638B775C}"
EndProject
Project("{FAE04EC0-301F-11D3-BF4B-00C04F79EFBC}") = "Substrate.Ajuna.NET.RestClient.Test", "Substrate.Ajuna.NET.RestClient.Test\Substrate.Ajuna.NET.RestClient.Test.csproj", "{1709D9EB-45C6-4C7E-B2F1-395EC81CACEC}"
EndProject
Project("{FAE04EC0-301F-11D3-BF4B-00C04F79EFBC}") = "Substrate.Ajuna.NET.Integration", "Substrate.Ajuna.NET.Integration\Substrate.Ajuna.NET.Integration.csproj", "{3CD3002F-1B93-4B57-A4EE-5A0403164CFF}"
EndProject
Global
	GlobalSection(SolutionConfigurationPlatforms) = preSolution
		Debug|Any CPU = Debug|Any CPU
		Release|Any CPU = Release|Any CPU
	EndGlobalSection
	GlobalSection(SolutionProperties) = preSolution
		HideSolutionNode = FALSE
	EndGlobalSection
	GlobalSection(ProjectConfigurationPlatforms) = postSolution
		{AE0AB636-7A70-4F79-962A-E3490E2F5C85}.Debug|Any CPU.ActiveCfg = Debug|Any CPU
		{AE0AB636-7A70-4F79-962A-E3490E2F5C85}.Debug|Any CPU.Build.0 = Debug|Any CPU
		{AE0AB636-7A70-4F79-962A-E3490E2F5C85}.Release|Any CPU.ActiveCfg = Release|Any CPU
		{AE0AB636-7A70-4F79-962A-E3490E2F5C85}.Release|Any CPU.Build.0 = Release|Any CPU
		{315CD630-FD5E-4E32-A325-9F872D2310F8}.Debug|Any CPU.ActiveCfg = Debug|Any CPU
		{315CD630-FD5E-4E32-A325-9F872D2310F8}.Debug|Any CPU.Build.0 = Debug|Any CPU
		{315CD630-FD5E-4E32-A325-9F872D2310F8}.Release|Any CPU.ActiveCfg = Release|Any CPU
		{315CD630-FD5E-4E32-A325-9F872D2310F8}.Release|Any CPU.Build.0 = Release|Any CPU
		{AD0483A2-E906-4A2B-9A4F-7157E263CBC0}.Debug|Any CPU.ActiveCfg = Debug|Any CPU
		{AD0483A2-E906-4A2B-9A4F-7157E263CBC0}.Debug|Any CPU.Build.0 = Debug|Any CPU
		{AD0483A2-E906-4A2B-9A4F-7157E263CBC0}.Release|Any CPU.ActiveCfg = Release|Any CPU
		{AD0483A2-E906-4A2B-9A4F-7157E263CBC0}.Release|Any CPU.Build.0 = Release|Any CPU
		{A088B2E6-3F59-4CA6-9832-D9A5638B775C}.Debug|Any CPU.ActiveCfg = Debug|Any CPU
		{A088B2E6-3F59-4CA6-9832-D9A5638B775C}.Debug|Any CPU.Build.0 = Debug|Any CPU
		{A088B2E6-3F59-4CA6-9832-D9A5638B775C}.Release|Any CPU.ActiveCfg = Release|Any CPU
		{A088B2E6-3F59-4CA6-9832-D9A5638B775C}.Release|Any CPU.Build.0 = Release|Any CPU
		{1709D9EB-45C6-4C7E-B2F1-395EC81CACEC}.Debug|Any CPU.ActiveCfg = Debug|Any CPU
		{1709D9EB-45C6-4C7E-B2F1-395EC81CACEC}.Debug|Any CPU.Build.0 = Debug|Any CPU
		{1709D9EB-45C6-4C7E-B2F1-395EC81CACEC}.Release|Any CPU.ActiveCfg = Release|Any CPU
		{1709D9EB-45C6-4C7E-B2F1-395EC81CACEC}.Release|Any CPU.Build.0 = Release|Any CPU
		{3CD3002F-1B93-4B57-A4EE-5A0403164CFF}.Debug|Any CPU.ActiveCfg = Debug|Any CPU
		{3CD3002F-1B93-4B57-A4EE-5A0403164CFF}.Debug|Any CPU.Build.0 = Debug|Any CPU
		{3CD3002F-1B93-4B57-A4EE-5A0403164CFF}.Release|Any CPU.ActiveCfg = Release|Any CPU
		{3CD3002F-1B93-4B57-A4EE-5A0403164CFF}.Release|Any CPU.Build.0 = Release|Any CPU
	EndGlobalSection
EndGlobal
