
Microsoft Visual Studio Solution File, Format Version 12.00
# Visual Studio Version 17
VisualStudioVersion = 17.0.31903.59
MinimumVisualStudioVersion = 10.0.40219.1
Project("{FAE04EC0-301F-11D3-BF4B-00C04F79EFBC}") = "Substrate.Ajuna.NET.RestService", "Substrate.Ajuna.NET.RestService\Substrate.Ajuna.NET.RestService.csproj", "{374DBE7A-E0F3-448A-99B6-EF30BC54F91C}"
EndProject
Project("{FAE04EC0-301F-11D3-BF4B-00C04F79EFBC}") = "Substrate.Ajuna.NET.NetApiExt", "Substrate.Ajuna.NET.NetApiExt\Substrate.Ajuna.NET.NetApiExt.csproj", "{6FECF036-CDBA-40B3-93C3-72E5FC5D93AB}"
EndProject
Project("{FAE04EC0-301F-11D3-BF4B-00C04F79EFBC}") = "Substrate.Ajuna.NET.RestClient", "Substrate.Ajuna.NET.RestClient\Substrate.Ajuna.NET.RestClient.csproj", "{18AE5E81-72D3-4301-A7C5-DBFD6C85BB13}"
EndProject
Project("{FAE04EC0-301F-11D3-BF4B-00C04F79EFBC}") = "Substrate.Ajuna.NET.RestClient.Mockup", "Substrate.Ajuna.NET.RestClient.Mockup\Substrate.Ajuna.NET.RestClient.Mockup.csproj", "{6AFDF141-0C16-4DED-8703-BCC2F2E630FF}"
EndProject
Project("{FAE04EC0-301F-11D3-BF4B-00C04F79EFBC}") = "Substrate.Ajuna.NET.RestClient.Test", "Substrate.Ajuna.NET.RestClient.Test\Substrate.Ajuna.NET.RestClient.Test.csproj", "{B454422B-4348-4E0C-8C2C-CD186C972CF5}"
EndProject
Global
	GlobalSection(SolutionConfigurationPlatforms) = preSolution
		Debug|Any CPU = Debug|Any CPU
		Release|Any CPU = Release|Any CPU
	EndGlobalSection
	GlobalSection(SolutionProperties) = preSolution
		HideSolutionNode = FALSE
	EndGlobalSection
	GlobalSection(ProjectConfigurationPlatforms) = postSolution
		{374DBE7A-E0F3-448A-99B6-EF30BC54F91C}.Debug|Any CPU.ActiveCfg = Debug|Any CPU
		{374DBE7A-E0F3-448A-99B6-EF30BC54F91C}.Debug|Any CPU.Build.0 = Debug|Any CPU
		{374DBE7A-E0F3-448A-99B6-EF30BC54F91C}.Release|Any CPU.ActiveCfg = Release|Any CPU
		{374DBE7A-E0F3-448A-99B6-EF30BC54F91C}.Release|Any CPU.Build.0 = Release|Any CPU
		{6FECF036-CDBA-40B3-93C3-72E5FC5D93AB}.Debug|Any CPU.ActiveCfg = Debug|Any CPU
		{6FECF036-CDBA-40B3-93C3-72E5FC5D93AB}.Debug|Any CPU.Build.0 = Debug|Any CPU
		{6FECF036-CDBA-40B3-93C3-72E5FC5D93AB}.Release|Any CPU.ActiveCfg = Release|Any CPU
		{6FECF036-CDBA-40B3-93C3-72E5FC5D93AB}.Release|Any CPU.Build.0 = Release|Any CPU
		{18AE5E81-72D3-4301-A7C5-DBFD6C85BB13}.Debug|Any CPU.ActiveCfg = Debug|Any CPU
		{18AE5E81-72D3-4301-A7C5-DBFD6C85BB13}.Debug|Any CPU.Build.0 = Debug|Any CPU
		{18AE5E81-72D3-4301-A7C5-DBFD6C85BB13}.Release|Any CPU.ActiveCfg = Release|Any CPU
		{18AE5E81-72D3-4301-A7C5-DBFD6C85BB13}.Release|Any CPU.Build.0 = Release|Any CPU
		{6AFDF141-0C16-4DED-8703-BCC2F2E630FF}.Debug|Any CPU.ActiveCfg = Debug|Any CPU
		{6AFDF141-0C16-4DED-8703-BCC2F2E630FF}.Debug|Any CPU.Build.0 = Debug|Any CPU
		{6AFDF141-0C16-4DED-8703-BCC2F2E630FF}.Release|Any CPU.ActiveCfg = Release|Any CPU
		{6AFDF141-0C16-4DED-8703-BCC2F2E630FF}.Release|Any CPU.Build.0 = Release|Any CPU
		{B454422B-4348-4E0C-8C2C-CD186C972CF5}.Debug|Any CPU.ActiveCfg = Debug|Any CPU
		{B454422B-4348-4E0C-8C2C-CD186C972CF5}.Debug|Any CPU.Build.0 = Debug|Any CPU
		{B454422B-4348-4E0C-8C2C-CD186C972CF5}.Release|Any CPU.ActiveCfg = Release|Any CPU
		{B454422B-4348-4E0C-8C2C-CD186C972CF5}.Release|Any CPU.Build.0 = Release|Any CPU
	EndGlobalSection
EndGlobal
